<?xml version="1.0" encoding="utf-8"?>
<Project ToolsVersion="4.0" xmlns="http://schemas.microsoft.com/developer/msbuild/2003">
  <ItemGroup>
    <Filter Include="Source Files">
      <UniqueIdentifier>{af119f9d-ebdf-4fbc-af8d-cc596fe90673}</UniqueIdentifier>
      <Extensions>cpp;c;cxx;rc;def;r;odl;idl;hpj;bat</Extensions>
    </Filter>
    <Filter Include="Header Files">
      <UniqueIdentifier>{b4dcb958-d7ee-44b6-aa4e-ac5dcd9809cc}</UniqueIdentifier>
      <Extensions>h;hpp;hxx;hm;inl</Extensions>
    </Filter>
    <Filter Include="Resource Files">
      <UniqueIdentifier>{a1dc4b3e-f687-4532-826c-da60858c453b}</UniqueIdentifier>
      <Extensions>ico;cur;bmp;dlg;rc2;rct;bin;rgs;gif;jpg;jpeg;jpe</Extensions>
    </Filter>
    <Filter Include="Source Files\RageDBSet">
      <UniqueIdentifier>{459dd773-adce-4366-abda-96ce75c02d12}</UniqueIdentifier>
    </Filter>
  </ItemGroup>
  <ItemGroup>
    <ClCompile Include="ActiveMng.cpp">
      <Filter>Source Files</Filter>
    </ClCompile>
    <ClCompile Include="BadSyntaxChk.cpp">
      <Filter>Source Files</Filter>
    </ClCompile>
    <ClCompile Include="BaseDAO.cpp">
      <Filter>Source Files</Filter>
    </ClCompile>
    <ClCompile Include="ChildView.cpp">
      <Filter>Source Files</Filter>
    </ClCompile>
    <ClCompile Include="CQuery.cpp">
      <Filter>Source Files</Filter>
    </ClCompile>
    <ClCompile Include="Dataserver.cpp">
      <Filter>Source Files</Filter>
    </ClCompile>
    <ClCompile Include="DelayHandler.cpp">
      <Filter>Source Files</Filter>
    </ClCompile>
    <ClCompile Include="DirPath.cpp">
      <Filter>Source Files</Filter>
    </ClCompile>
    <ClCompile Include="giocp.cpp">
      <Filter>Source Files</Filter>
    </ClCompile>
    <ClCompile Include="LogToFile.cpp">
      <Filter>Source Files</Filter>
    </ClCompile>
    <ClCompile Include="MainFrm.cpp">
      <Filter>Source Files</Filter>
    </ClCompile>
    <ClCompile Include="MiniDump.cpp">
      <Filter>Source Files</Filter>
    </ClCompile>
    <ClCompile Include="MuNameCheck.cpp">
      <Filter>Source Files</Filter>
    </ClCompile>
    <ClCompile Include="wsJoinServer.cpp">
      <Filter>Source Files</Filter>
    </ClCompile>
    <ClCompile Include="WZIPCheck.cpp">
      <Filter>Source Files</Filter>
    </ClCompile>
    <ClCompile Include="WzItemSerial.cpp">
      <Filter>Source Files</Filter>
    </ClCompile>
    <ClCompile Include="WZQueue.cpp">
      <Filter>Source Files</Filter>
    </ClCompile>
    <ClCompile Include="WZScriptEncode.cpp">
      <Filter>Source Files</Filter>
    </ClCompile>
    <ClCompile Include="classdef.cpp">
      <Filter>Source Files</Filter>
    </ClCompile>
    <ClCompile Include="logproc.cpp">
      <Filter>Source Files</Filter>
    </ClCompile>
    <ClCompile Include="MyWinsockBase.cpp">
      <Filter>Source Files</Filter>
    </ClCompile>
    <ClCompile Include="SetItemOption.cpp">
      <Filter>Source Files</Filter>
    </ClCompile>
    <ClCompile Include="winutil.cpp">
      <Filter>Source Files</Filter>
    </ClCompile>
    <ClCompile Include="WzMemScript.cpp">
      <Filter>Source Files</Filter>
    </ClCompile>
    <ClCompile Include="zzzitem.cpp">
      <Filter>Source Files</Filter>
    </ClCompile>
    <ClCompile Include="DbSet\AccountCharDBSet.cpp">
      <Filter>Source Files</Filter>
    </ClCompile>
    <ClCompile Include="DbSet\CastleDBSet.cpp">
      <Filter>Source Files</Filter>
    </ClCompile>
    <ClCompile Include="DbSet\CharDBSet.cpp">
      <Filter>Source Files</Filter>
    </ClCompile>
    <ClCompile Include="DbSet\CharPreviewDBSet.cpp">
      <Filter>Source Files</Filter>
    </ClCompile>
    <ClCompile Include="DbSet\CrywolfDBSet.cpp">
      <Filter>Source Files</Filter>
    </ClCompile>
    <ClCompile Include="DbSet\DBConBase.cpp">
      <Filter>Source Files</Filter>
    </ClCompile>
    <ClCompile Include="DbSet\GSDBSet.cpp">
      <Filter>Source Files</Filter>
    </ClCompile>
    <ClCompile Include="DbSet\ItemExtDbSet.cpp">
      <Filter>Source Files</Filter>
    </ClCompile>
    <ClCompile Include="DbSet\MasterLevelSystemDBSet.cpp">
      <Filter>Source Files</Filter>
    </ClCompile>
    <ClCompile Include="DbSet\OptionDbSet.cpp">
      <Filter>Source Files</Filter>
    </ClCompile>
    <ClCompile Include="DbSet\PeriodItemDBSet.cpp">
      <Filter>Source Files</Filter>
    </ClCompile>
    <ClCompile Include="DbSet\PetDBSet.cpp">
      <Filter>Source Files</Filter>
    </ClCompile>
    <ClCompile Include="DbSet\QuestMonKillDBSet.cpp">
      <Filter>Source Files</Filter>
    </ClCompile>
    <ClCompile Include="ServerPrc.cpp">
      <Filter>Source Files</Filter>
    </ClCompile>
    <ClCompile Include="DbSet\WarehouseDBSet.cpp">
      <Filter>Source Files</Filter>
    </ClCompile>
    <ClCompile Include="DbSet\ZenEvenDb.cpp">
      <Filter>Source Files</Filter>
    </ClCompile>
    <ClCompile Include="protocol.cpp">
      <Filter>Source Files</Filter>
    </ClCompile>
    <ClCompile Include="MapServerManager_DS.cpp">
      <Filter>Source Files</Filter>
    </ClCompile>
    <ClCompile Include="StdAfx.cpp">
      <Filter>Source Files</Filter>
    </ClCompile>
    <ClCompile Include="RageDBSet.cpp">
      <Filter>Source Files\RageDBSet</Filter>
    </ClCompile>
  </ItemGroup>
  <ItemGroup>
    <ClInclude Include="ActiveMng.h">
      <Filter>Header Files</Filter>
    </ClInclude>
    <ClInclude Include="BadSyntaxChk.h">
      <Filter>Header Files</Filter>
    </ClInclude>
    <ClInclude Include="BaseDAO.h">
      <Filter>Header Files</Filter>
    </ClInclude>
    <ClInclude Include="ChildView.h">
      <Filter>Header Files</Filter>
    </ClInclude>
    <ClInclude Include="CQuery.h">
      <Filter>Header Files</Filter>
    </ClInclude>
    <ClInclude Include="Dataserver.h">
      <Filter>Header Files</Filter>
    </ClInclude>
    <ClInclude Include="DelayHandler.h">
      <Filter>Header Files</Filter>
    </ClInclude>
    <ClInclude Include="DirPath.h">
      <Filter>Header Files</Filter>
    </ClInclude>
    <ClInclude Include="giocp.h">
      <Filter>Header Files</Filter>
    </ClInclude>
    <ClInclude Include="LogToFile.h">
      <Filter>Header Files</Filter>
    </ClInclude>
    <ClInclude Include="MainFrm.h">
      <Filter>Header Files</Filter>
    </ClInclude>
    <ClInclude Include="MiniDump.h">
      <Filter>Header Files</Filter>
    </ClInclude>
    <ClInclude Include="MuNameCheck.h">
      <Filter>Header Files</Filter>
    </ClInclude>
    <ClInclude Include="wsJoinServer.h">
      <Filter>Header Files</Filter>
    </ClInclude>
    <ClInclude Include="WZIPCheck.h">
      <Filter>Header Files</Filter>
    </ClInclude>
    <ClInclude Include="WzItemSerial.h">
      <Filter>Header Files</Filter>
    </ClInclude>
    <ClInclude Include="WZQueue.h">
      <Filter>Header Files</Filter>
    </ClInclude>
    <ClInclude Include="WZScriptEncode.h">
      <Filter>Header Files</Filter>
    </ClInclude>
    <ClInclude Include="classdef.h">
      <Filter>Header Files</Filter>
    </ClInclude>
    <ClInclude Include="logproc.h">
      <Filter>Header Files</Filter>
    </ClInclude>
    <ClInclude Include="MyWinsockBase.h">
      <Filter>Header Files</Filter>
    </ClInclude>
    <ClInclude Include="SetItemOption.h">
      <Filter>Header Files</Filter>
    </ClInclude>
    <ClInclude Include="winutil.h">
      <Filter>Header Files</Filter>
    </ClInclude>
    <ClInclude Include="WzMemScript.h">
      <Filter>Header Files</Filter>
    </ClInclude>
    <ClInclude Include="zzzitem.h">
      <Filter>Header Files</Filter>
    </ClInclude>
    <ClInclude Include="DbSet\AccountCharDBSet.h">
      <Filter>Header Files</Filter>
    </ClInclude>
    <ClInclude Include="DbSet\CastleDBSet.h">
      <Filter>Header Files</Filter>
    </ClInclude>
    <ClInclude Include="DbSet\CharDBSet.h">
      <Filter>Header Files</Filter>
    </ClInclude>
    <ClInclude Include="DbSet\CharPreviewDBSet.h">
      <Filter>Header Files</Filter>
    </ClInclude>
    <ClInclude Include="DbSet\CrywolfDBSet.h">
      <Filter>Header Files</Filter>
    </ClInclude>
    <ClInclude Include="DbSet\DBConBase.h">
      <Filter>Header Files</Filter>
    </ClInclude>
    <ClInclude Include="DbSet\GSDBSet.h">
      <Filter>Header Files</Filter>
    </ClInclude>
    <ClInclude Include="DbSet\ItemExtDbSet.h">
      <Filter>Header Files</Filter>
    </ClInclude>
    <ClInclude Include="DbSet\MasterLevelSystemDBSet.h">
      <Filter>Header Files</Filter>
    </ClInclude>
    <ClInclude Include="DbSet\OptionDbSet.h">
      <Filter>Header Files</Filter>
    </ClInclude>
    <ClInclude Include="DbSet\PeriodItemDBSet.h">
      <Filter>Header Files</Filter>
    </ClInclude>
    <ClInclude Include="DbSet\PetDBSet.h">
      <Filter>Header Files</Filter>
    </ClInclude>
    <ClInclude Include="DbSet\QuestMonKillDBSet.h">
      <Filter>Header Files</Filter>
    </ClInclude>
    <ClInclude Include="ServerPrc.h">
      <Filter>Header Files</Filter>
    </ClInclude>
    <ClInclude Include="DbSet\WarehouseDBSet.h">
      <Filter>Header Files</Filter>
    </ClInclude>
    <ClInclude Include="DbSet\ZenEvenDb.h">
      <Filter>Header Files</Filter>
    </ClInclude>
    <ClInclude Include="protocol.h">
      <Filter>Header Files</Filter>
    </ClInclude>
    <ClInclude Include="MapServerManager_DS.h">
      <Filter>Header Files</Filter>
    </ClInclude>
    <ClInclude Include="RageDBSet.h">
      <Filter>Source Files\RageDBSet</Filter>
    </ClInclude>
  </ItemGroup>
  <ItemGroup>
    <ResourceCompile Include="Dataserver.rc">
      <Filter>Source Files</Filter>
    </ResourceCompile>
  </ItemGroup>
  <ItemGroup>
    <CustomBuild Include="res\Dataserver.ico">
      <Filter>Resource Files</Filter>
    </CustomBuild>
    <CustomBuild Include="res\Dataserver.rc2">
      <Filter>Resource Files</Filter>
    </CustomBuild>
    <CustomBuild Include="res\DataserverDoc.ico">
      <Filter>Resource Files</Filter>
    </CustomBuild>
    <CustomBuild Include="res\Toolbar.bmp">
      <Filter>Resource Files</Filter>
    </CustomBuild>
    <CustomBuild Include="ReadMe.txt" />
  </ItemGroup>
</Project>