
Microsoft Visual Studio Solution File, Format Version 11.00
# Visual Studio 2010
Project("{8BC9CEB8-8B4A-11D0-8D11-00A0C91BC942}") = "Dataserver", "Dataserver.vcxproj", "{9524D2E3-6498-3A17-2574-302FC2551E9E}"
EndProject
Global
	GlobalSection(SolutionConfigurationPlatforms) = preSolution
		Debug|Win32 = Debug|Win32
		Release|Win32 = Release|Win32
	EndGlobalSection
	GlobalSection(ProjectConfigurationPlatforms) = postSolution
		{9524D2E3-6498-3A17-2574-302FC2551E9E}.Debug|Win32.ActiveCfg = Debug|Win32
		{9524D2E3-6498-3A17-2574-302FC2551E9E}.Debug|Win32.Build.0 = Debug|Win32
		{9524D2E3-6498-3A17-2574-302FC2551E9E}.Release|Win32.ActiveCfg = Release|Win32
		{9524D2E3-6498-3A17-2574-302FC2551E9E}.Release|Win32.Build.0 = Release|Win32
	EndGlobalSection
	GlobalSection(SolutionProperties) = preSolution
		HideSolutionNode = FALSE
	EndGlobalSection
EndGlobal
