
Microsoft Visual Studio Solution File, Format Version 11.00
# Visual Studio 2010
Project("{8BC9CEB8-8B4A-11D0-8D11-00A0C91BC942}") = "GameServer", "GameServer.vcxproj", "{A6CE1B57-B053-D6B8-4C96-0C827470D542}"
EndProject
Global
	GlobalSection(SolutionConfigurationPlatforms) = preSolution
		CHS|Win32 = CHS|Win32
		CHSCS|Win32 = CHSCS|Win32
		ENG|Win32 = ENG|Win32
		ENGCS|Win32 = ENGCS|Win32
		JPN|Win32 = JPN|Win32
		JPNCS|Win32 = JPNCS|Win32
		KOR|Win32 = KOR|Win32
		KORCS|Win32 = KORCS|Win32
		PHI|Win32 = PHI|Win32
		PHICS|Win32 = PHICS|Win32
		TAI|Win32 = TAI|Win32
		TAICS|Win32 = TAICS|Win32
		VTM|Win32 = VTM|Win32
		VTMCS|Win32 = VTMCS|Win32
	EndGlobalSection
	GlobalSection(ProjectConfigurationPlatforms) = postSolution
		{A6CE1B57-B053-D6B8-4C96-0C827470D542}.CHS|Win32.ActiveCfg = CHS|Win32
		{A6CE1B57-B053-D6B8-4C96-0C827470D542}.CHS|Win32.Build.0 = CHS|Win32
		{A6CE1B57-B053-D6B8-4C96-0C827470D542}.CHSCS|Win32.ActiveCfg = CHSCS|Win32
		{A6CE1B57-B053-D6B8-4C96-0C827470D542}.CHSCS|Win32.Build.0 = CHSCS|Win32
		{A6CE1B57-B053-D6B8-4C96-0C827470D542}.ENG|Win32.ActiveCfg = ENG|Win32
		{A6CE1B57-B053-D6B8-4C96-0C827470D542}.ENG|Win32.Build.0 = ENG|Win32
		{A6CE1B57-B053-D6B8-4C96-0C827470D542}.ENGCS|Win32.ActiveCfg = ENGCS|Win32
		{A6CE1B57-B053-D6B8-4C96-0C827470D542}.ENGCS|Win32.Build.0 = ENGCS|Win32
		{A6CE1B57-B053-D6B8-4C96-0C827470D542}.JPN|Win32.ActiveCfg = JPN|Win32
		{A6CE1B57-B053-D6B8-4C96-0C827470D542}.JPN|Win32.Build.0 = JPN|Win32
		{A6CE1B57-B053-D6B8-4C96-0C827470D542}.JPNCS|Win32.ActiveCfg = JPNCS|Win32
		{A6CE1B57-B053-D6B8-4C96-0C827470D542}.JPNCS|Win32.Build.0 = JPNCS|Win32
		{A6CE1B57-B053-D6B8-4C96-0C827470D542}.KOR|Win32.ActiveCfg = KOR|Win32
		{A6CE1B57-B053-D6B8-4C96-0C827470D542}.KOR|Win32.Build.0 = KOR|Win32
		{A6CE1B57-B053-D6B8-4C96-0C827470D542}.KORCS|Win32.ActiveCfg = KORCS|Win32
		{A6CE1B57-B053-D6B8-4C96-0C827470D542}.KORCS|Win32.Build.0 = KORCS|Win32
		{A6CE1B57-B053-D6B8-4C96-0C827470D542}.PHI|Win32.ActiveCfg = PHI|Win32
		{A6CE1B57-B053-D6B8-4C96-0C827470D542}.PHI|Win32.Build.0 = PHI|Win32
		{A6CE1B57-B053-D6B8-4C96-0C827470D542}.PHICS|Win32.ActiveCfg = PHICS|Win32
		{A6CE1B57-B053-D6B8-4C96-0C827470D542}.PHICS|Win32.Build.0 = PHICS|Win32
		{A6CE1B57-B053-D6B8-4C96-0C827470D542}.TAI|Win32.ActiveCfg = TAI|Win32
		{A6CE1B57-B053-D6B8-4C96-0C827470D542}.TAI|Win32.Build.0 = TAI|Win32
		{A6CE1B57-B053-D6B8-4C96-0C827470D542}.TAICS|Win32.ActiveCfg = TAICS|Win32
		{A6CE1B57-B053-D6B8-4C96-0C827470D542}.TAICS|Win32.Build.0 = TAICS|Win32
		{A6CE1B57-B053-D6B8-4C96-0C827470D542}.VTM|Win32.ActiveCfg = VTM|Win32
		{A6CE1B57-B053-D6B8-4C96-0C827470D542}.VTM|Win32.Build.0 = VTM|Win32
		{A6CE1B57-B053-D6B8-4C96-0C827470D542}.VTMCS|Win32.ActiveCfg = VTMCS|Win32
		{A6CE1B57-B053-D6B8-4C96-0C827470D542}.VTMCS|Win32.Build.0 = VTMCS|Win32
	EndGlobalSection
	GlobalSection(SolutionProperties) = preSolution
		HideSolutionNode = FALSE
	EndGlobalSection
EndGlobal
